
Microsoft Visual Studio Solution File, Format Version 12.00
# Visual Studio 15
Project("{2150E333-8FDC-42A3-9474-1A3956D46DE8}") = "Tests", "Tests", "{C699BBF3-E3F0-4B85-BA63-CD48D02947A1}"
EndProject
Project("{FAE04EC0-301F-11D3-BF4B-00C04F79EFBC}") = "Checkout.BasketService.IntegrationTests", "Checkout.BasketService.IntegrationTests\Checkout.BasketService.IntegrationTests.csproj", "{8C2B7626-2346-4C08-826A-C98018563E77}"
EndProject
Project("{FAE04EC0-301F-11D3-BF4B-00C04F79EFBC}") = "Checkout.BasketService", "Checkout.BasketService\Checkout.BasketService.csproj", "{098554B4-B632-4BC6-92DE-CE275E1A60B7}"
EndProject
Global
	GlobalSection(SolutionConfigurationPlatforms) = preSolution
		Debug|Any CPU = Debug|Any CPU
		Release|Any CPU = Release|Any CPU
	EndGlobalSection
	GlobalSection(ProjectConfigurationPlatforms) = postSolution
		{8C2B7626-2346-4C08-826A-C98018563E77}.Debug|Any CPU.ActiveCfg = Debug|Any CPU
		{8C2B7626-2346-4C08-826A-C98018563E77}.Debug|Any CPU.Build.0 = Debug|Any CPU
		{8C2B7626-2346-4C08-826A-C98018563E77}.Release|Any CPU.ActiveCfg = Release|Any CPU
		{8C2B7626-2346-4C08-826A-C98018563E77}.Release|Any CPU.Build.0 = Release|Any CPU
		{098554B4-B632-4BC6-92DE-CE275E1A60B7}.Debug|Any CPU.ActiveCfg = Debug|Any CPU
		{098554B4-B632-4BC6-92DE-CE275E1A60B7}.Debug|Any CPU.Build.0 = Debug|Any CPU
		{098554B4-B632-4BC6-92DE-CE275E1A60B7}.Release|Any CPU.ActiveCfg = Release|Any CPU
		{098554B4-B632-4BC6-92DE-CE275E1A60B7}.Release|Any CPU.Build.0 = Release|Any CPU
	EndGlobalSection
	GlobalSection(NestedProjects) = preSolution
		{8C2B7626-2346-4C08-826A-C98018563E77} = {C699BBF3-E3F0-4B85-BA63-CD48D02947A1}
	EndGlobalSection
EndGlobal
